
Microsoft Visual Studio Solution File, Format Version 12.00
# Visual Studio 15
VisualStudioVersion = 15.0.27130.2010
MinimumVisualStudioVersion = 10.0.40219.1
Project("{888888A0-9F3D-457C-B088-3A5042F75D52}") = "BCI", "BCI\BCI.pyproj", "{D2993EE1-3294-4FE5-BA86-1D770BB3490B}"
EndProject
Global
	GlobalSection(SolutionConfigurationPlatforms) = preSolution
		Debug|Any CPU = Debug|Any CPU
		Release|Any CPU = Release|Any CPU
	EndGlobalSection
	GlobalSection(ProjectConfigurationPlatforms) = postSolution
		{D2993EE1-3294-4FE5-BA86-1D770BB3490B}.Debug|Any CPU.ActiveCfg = Debug|Any CPU
		{D2993EE1-3294-4FE5-BA86-1D770BB3490B}.Release|Any CPU.ActiveCfg = Release|Any CPU
	EndGlobalSection
	GlobalSection(SolutionProperties) = preSolution
		HideSolutionNode = FALSE
	EndGlobalSection
	GlobalSection(ExtensibilityGlobals) = postSolution
		SolutionGuid = {844E98A5-A7FE-45F7-BAC1-5257E86F1B3F}
	EndGlobalSection
EndGlobal
